
Microsoft Visual Studio Solution File, Format Version 12.00
# Visual Studio Version 17
VisualStudioVersion = 17.14.36401.2 d17.14
MinimumVisualStudioVersion = 10.0.40219.1
Project("{FAE04EC0-301F-11D3-BF4B-00C04F79EFBC}") = "UPXV.Backend", "UPXV.Backend.csproj", "{ACB12D78-4450-65A5-D2EE-3DDB804D42B3}"
EndProject
Global
	GlobalSection(SolutionConfigurationPlatforms) = preSolution
		Debug|Any CPU = Debug|Any CPU
		Release|Any CPU = Release|Any CPU
	EndGlobalSection
	GlobalSection(ProjectConfigurationPlatforms) = postSolution
		{ACB12D78-4450-65A5-D2EE-3DDB804D42B3}.Debug|Any CPU.ActiveCfg = Debug|Any CPU
		{ACB12D78-4450-65A5-D2EE-3DDB804D42B3}.Debug|Any CPU.Build.0 = Debug|Any CPU
		{ACB12D78-4450-65A5-D2EE-3DDB804D42B3}.Release|Any CPU.ActiveCfg = Release|Any CPU
		{ACB12D78-4450-65A5-D2EE-3DDB804D42B3}.Release|Any CPU.Build.0 = Release|Any CPU
	EndGlobalSection
	GlobalSection(SolutionProperties) = preSolution
		HideSolutionNode = FALSE
	EndGlobalSection
	GlobalSection(ExtensibilityGlobals) = postSolution
		SolutionGuid = {80A77371-9A8D-4496-BEAD-3864F8EFA2FA}
	EndGlobalSection
EndGlobal
